// !$*UTF8*$!
{
	archiveVersion = 1;
	classes = {
	};
	objectVersion = 50;
	objects = {

/* Begin PBXBuildFile section */
		8E60362F23CD262000C75838 /* AppDelegate.swift in Sources */ = {isa = PBXBuildFile; fileRef = 8E60362E23CD262000C75838 /* AppDelegate.swift */; };
		8E60363123CD262000C75838 /* SceneDelegate.swift in Sources */ = {isa = PBXBuildFile; fileRef = 8E60363023CD262000C75838 /* SceneDelegate.swift */; };
		8E60363323CD262000C75838 /* ViewController.swift in Sources */ = {isa = PBXBuildFile; fileRef = 8E60363223CD262000C75838 /* ViewController.swift */; };
		8E60363623CD262000C75838 /* Main.storyboard in Resources */ = {isa = PBXBuildFile; fileRef = 8E60363423CD262000C75838 /* Main.storyboard */; };
		8E60363823CD262400C75838 /* Assets.xcassets in Resources */ = {isa = PBXBuildFile; fileRef = 8E60363723CD262400C75838 /* Assets.xcassets */; };
		8E60363B23CD262400C75838 /* LaunchScreen.storyboard in Resources */ = {isa = PBXBuildFile; fileRef = 8E60363923CD262400C75838 /* LaunchScreen.storyboard */; };
		8E60364323CD299200C75838 /* DateCollectionViewCell.swift in Sources */ = {isa = PBXBuildFile; fileRef = 8E60364223CD299200C75838 /* DateCollectionViewCell.swift */; };
		8E60364523CD2F8C00C75838 /* CalendarVars.swift in Sources */ = {isa = PBXBuildFile; fileRef = 8E60364423CD2F8C00C75838 /* CalendarVars.swift */; };
/* End PBXBuildFile section */

/* Begin PBXFileReference section */
		8E60362B23CD262000C75838 /* Calender3.0.app */ = {isa = PBXFileReference; explicitFileType = wrapper.application; includeInIndex = 0; path = Calender3.0.app; sourceTree = BUILT_PRODUCTS_DIR; };
		8E60362E23CD262000C75838 /* AppDelegate.swift */ = {isa = PBXFileReference; lastKnownFileType = sourcecode.swift; path = AppDelegate.swift; sourceTree = "<group>"; };
		8E60363023CD262000C75838 /* SceneDelegate.swift */ = {isa = PBXFileReference; lastKnownFileType = sourcecode.swift; path = SceneDelegate.swift; sourceTree = "<group>"; };
		8E60363223CD262000C75838 /* ViewController.swift */ = {isa = PBXFileReference; lastKnownFileType = sourcecode.swift; path = ViewController.swift; sourceTree = "<group>"; };
		8E60363523CD262000C75838 /* Base */ = {isa = PBXFileReference; lastKnownFileType = file.storyboard; name = Base; path = Base.lproj/Main.storyboard; sourceTree = "<group>"; };
		8E60363723CD262400C75838 /* Assets.xcassets */ = {isa = PBXFileReference; lastKnownFileType = folder.assetcatalog; path = Assets.xcassets; sourceTree = "<group>"; };
		8E60363A23CD262400C75838 /* Base */ = {isa = PBXFileReference; lastKnownFileType = file.storyboard; name = Base; path = Base.lproj/LaunchScreen.storyboard; sourceTree = "<group>"; };
		8E60363C23CD262400C75838 /* Info.plist */ = {isa = PBXFileReference; lastKnownFileType = text.plist.xml; path = Info.plist; sourceTree = "<group>"; };
		8E60364223CD299200C75838 /* DateCollectionViewCell.swift */ = {isa = PBXFileReference; lastKnownFileType = sourcecode.swift; path = DateCollectionViewCell.swift; sourceTree = "<group>"; };
		8E60364423CD2F8C00C75838 /* CalendarVars.swift */ = {isa = PBXFileReference; lastKnownFileType = sourcecode.swift; path = CalendarVars.swift; sourceTree = "<group>"; };
/* End PBXFileReference section */

/* Begin PBXFrameworksBuildPhase section */
		8E60362823CD262000C75838 /* Frameworks */ = {
			isa = PBXFrameworksBuildPhase;
			buildActionMask = 2147483647;
			files = (
			);
			runOnlyForDeploymentPostprocessing = 0;
		};
/* End PBXFrameworksBuildPhase section */

/* Begin PBXGroup section */
		8E60362223CD262000C75838 = {
			isa = PBXGroup;
			children = (
				8E60362D23CD262000C75838 /* Calender3.0 */,
				8E60362C23CD262000C75838 /* Products */,
			);
			sourceTree = "<group>";
		};
		8E60362C23CD262000C75838 /* Products */ = {
			isa = PBXGroup;
			children = (
				8E60362B23CD262000C75838 /* Calender3.0.app */,
			);
			name = Products;
			sourceTree = "<group>";
		};
		8E60362D23CD262000C75838 /* Calender3.0 */ = {
			isa = PBXGroup;
			children = (
				8E60362E23CD262000C75838 /* AppDelegate.swift */,
				8E60363023CD262000C75838 /* SceneDelegate.swift */,
				8E60363723CD262400C75838 /* Assets.xcassets */,
				8E60363923CD262400C75838 /* LaunchScreen.storyboard */,
				8E60363C23CD262400C75838 /* Info.plist */,
				8E60363423CD262000C75838 /* Main.storyboard */,
				8E60363223CD262000C75838 /* ViewController.swift */,
				8E60364223CD299200C75838 /* DateCollectionViewCell.swift */,
				8E60364423CD2F8C00C75838 /* CalendarVars.swift */,
			);
			path = Calender3.0;
			sourceTree = "<group>";
		};
/* End PBXGroup section */

/* Begin PBXNativeTarget section */
		8E60362A23CD262000C75838 /* Calender3.0 */ = {
			isa = PBXNativeTarget;
			buildConfigurationList = 8E60363F23CD262400C75838 /* Build configuration list for PBXNativeTarget "Calender3.0" */;
			buildPhases = (
				8E60362723CD262000C75838 /* Sources */,
				8E60362823CD262000C75838 /* Frameworks */,
				8E60362923CD262000C75838 /* Resources */,
			);
			buildRules = (
			);
			dependencies = (
			);
			name = Calender3.0;
			productName = Calender3.0;
			productReference = 8E60362B23CD262000C75838 /* Calender3.0.app */;
			productType = "com.apple.product-type.application";
		};
/* End PBXNativeTarget section */

/* Begin PBXProject section */
		8E60362323CD262000C75838 /* Project object */ = {
			isa = PBXProject;
			attributes = {
				LastSwiftUpdateCheck = 1130;
				LastUpgradeCheck = 1130;
				ORGANIZATIONNAME = "Anthony Torres";
				TargetAttributes = {
					8E60362A23CD262000C75838 = {
						CreatedOnToolsVersion = 11.3;
					};
				};
			};
			buildConfigurationList = 8E60362623CD262000C75838 /* Build configuration list for PBXProject "Calender3.0" */;
			compatibilityVersion = "Xcode 9.3";
			developmentRegion = en;
			hasScannedForEncodings = 0;
			knownRegions = (
				en,
				Base,
			);
			mainGroup = 8E60362223CD262000C75838;
			productRefGroup = 8E60362C23CD262000C75838 /* Products */;
			projectDirPath = "";
			projectRoot = "";
			targets = (
				8E60362A23CD262000C75838 /* Calender3.0 */,
			);
		};
/* End PBXProject section */

/* Begin PBXResourcesBuildPhase section */
		8E60362923CD262000C75838 /* Resources */ = {
			isa = PBXResourcesBuildPhase;
			buildActionMask = 2147483647;
			files = (
				8E60363B23CD262400C75838 /* LaunchScreen.storyboard in Resources */,
				8E60363823CD262400C75838 /* Assets.xcassets in Resources */,
				8E60363623CD262000C75838 /* Main.storyboard in Resources */,
			);
			runOnlyForDeploymentPostprocessing = 0;
		};
/* End PBXResourcesBuildPhase section */

/* Begin PBXSourcesBuildPhase section */
		8E60362723CD262000C75838 /* Sources */ = {
			isa = PBXSourcesBuildPhase;
			buildActionMask = 2147483647;
			files = (
				8E60364323CD299200C75838 /* DateCollectionViewCell.swift in Sources */,
				8E60363323CD262000C75838 /* ViewController.swift in Sources */,
				8E60362F23CD262000C75838 /* AppDelegate.swift in Sources */,
				8E60364523CD2F8C00C75838 /* CalendarVars.swift in Sources */,
				8E60363123CD262000C75838 /* SceneDelegate.swift in Sources */,
			);
			runOnlyForDeploymentPostprocessing = 0;
		};
/* End PBXSourcesBuildPhase section */

/* Begin PBXVariantGroup section */
		8E60363423CD262000C75838 /* Main.storyboard */ = {
			isa = PBXVariantGroup;
			children = (
				8E60363523CD262000C75838 /* Base */,
			);
			name = Main.storyboard;
			sourceTree = "<group>";
		};
		8E60363923CD262400C75838 /* LaunchScreen.storyboard */ = {
			isa = PBXVariantGroup;
			children = (
				8E60363A23CD262400C75838 /* Base */,
			);
			name = LaunchScreen.storyboard;
			sourceTree = "<group>";
		};
/* End PBXVariantGroup section */

/* Begin XCBuildConfiguration section */
		8E60363D23CD262400C75838 /* Debug */ = {
			isa = XCBuildConfiguration;
			buildSettings = {
				ALWAYS_SEARCH_USER_PATHS = NO;
				CLANG_ANALYZER_NONNULL = YES;
				CLANG_ANALYZER_NUMBER_OBJECT_CONVERSION = YES_AGGRESSIVE;
				CLANG_CXX_LANGUAGE_STANDARD = "gnu++14";
				CLANG_CXX_LIBRARY = "libc++";
				CLANG_ENABLE_MODULES = YES;
				CLANG_ENABLE_OBJC_ARC = YES;
				CLANG_ENABLE_OBJC_WEAK = YES;
				CLANG_WARN_BLOCK_CAPTURE_AUTORELEASING = YES;
				CLANG_WARN_BOOL_CONVERSION = YES;
				CLANG_WARN_COMMA = YES;
				CLANG_WARN_CONSTANT_CONVERSION = YES;
				CLANG_WARN_DEPRECATED_OBJC_IMPLEMENTATIONS = YES;
				CLANG_WARN_DIRECT_OBJC_ISA_USAGE = YES_ERROR;
				CLANG_WARN_DOCUMENTATION_COMMENTS = YES;
				CLANG_WARN_EMPTY_BODY = YES;
				CLANG_WARN_ENUM_CONVERSION = YES;
				CLANG_WARN_INFINITE_RECURSION = YES;
				CLANG_WARN_INT_CONVERSION = YES;
				CLANG_WARN_NON_LITERAL_NULL_CONVERSION = YES;
				CLANG_WARN_OBJC_IMPLICIT_RETAIN_SELF = YES;
				CLANG_WARN_OBJC_LITERAL_CONVERSION = YES;
				CLANG_WARN_OBJC_ROOT_CLASS = YES_ERROR;
				CLANG_WARN_RANGE_LOOP_ANALYSIS = YES;
				CLANG_WARN_STRICT_PROTOTYPES = YES;
				CLANG_WARN_SUSPICIOUS_MOVE = YES;
				CLANG_WARN_UNGUARDED_AVAILABILITY = YES_AGGRESSIVE;
				CLANG_WARN_UNREACHABLE_CODE = YES;
				CLANG_WARN__DUPLICATE_METHOD_MATCH = YES;
				COPY_PHASE_STRIP = NO;
				DEBUG_INFORMATION_FORMAT = dwarf;
				ENABLE_STRICT_OBJC_MSGSEND = YES;
				ENABLE_TESTABILITY = YES;
				GCC_C_LANGUAGE_STANDARD = gnu11;
				GCC_DYNAMIC_NO_PIC = NO;
				GCC_NO_COMMON_BLOCKS = YES;
				GCC_OPTIMIZATION_LEVEL = 0;
				GCC_PREPROCESSOR_DEFINITIONS = (
					"DEBUG=1",
					"$(inherited)",
				);
				GCC_WARN_64_TO_32_BIT_CONVERSION = YES;
				GCC_WARN_ABOUT_RETURN_TYPE = YES_ERROR;
				GCC_WARN_UNDECLARED_SELECTOR = YES;
				GCC_WARN_UNINITIALIZED_AUTOS = YES_AGGRESSIVE;
				GCC_WARN_UNUSED_FUNCTION = YES;
				GCC_WARN_UNUSED_VARIABLE = YES;
				IPHONEOS_DEPLOYMENT_TARGET = 13.2;
				MTL_ENABLE_DEBUG_INFO = INCLUDE_SOURCE;
				MTL_FAST_MATH = YES;
				ONLY_ACTIVE_ARCH = YES;
				SDKROOT = iphoneos;
				SWIFT_ACTIVE_COMPILATION_CONDITIONS = DEBUG;
				SWIFT_OPTIMIZATION_LEVEL = "-Onone";
			};
			name = Debug;
		};
		8E60363E23CD262400C75838 /* Release */ = {
			isa = XCBuildConfiguration;
			buildSettings = {
				ALWAYS_SEARCH_USER_PATHS = NO;
				CLANG_ANALYZER_NONNULL = YES;
				CLANG_ANALYZER_NUMBER_OBJECT_CONVERSION = YES_AGGRESSIVE;
				CLANG_CXX_LANGUAGE_STANDARD = "gnu++14";
				CLANG_CXX_LIBRARY = "libc++";
				CLANG_ENABLE_MODULES = YES;
				CLANG_ENABLE_OBJC_ARC = YES;
				CLANG_ENABLE_OBJC_WEAK = YES;
				CLANG_WARN_BLOCK_CAPTURE_AUTORELEASING = YES;
				CLANG_WARN_BOOL_CONVERSION = YES;
				CLANG_WARN_COMMA = YES;
				CLANG_WARN_CONSTANT_CONVERSION = YES;
				CLANG_WARN_DEPRECATED_OBJC_IMPLEMENTATIONS = YES;
				CLANG_WARN_DIRECT_OBJC_ISA_USAGE = YES_ERROR;
				CLANG_WARN_DOCUMENTATION_COMMENTS = YES;
				CLANG_WARN_EMPTY_BODY = YES;
				CLANG_WARN_ENUM_CONVERSION = YES;
				CLANG_WARN_INFINITE_RECURSION = YES;
				CLANG_WARN_INT_CONVERSION = YES;
				CLANG_WARN_NON_LITERAL_NULL_CONVERSION = YES;
				CLANG_WARN_OBJC_IMPLICIT_RETAIN_SELF = YES;
				CLANG_WARN_OBJC_LITERAL_CONVERSION = YES;
				CLANG_WARN_OBJC_ROOT_CLASS = YES_ERROR;
				CLANG_WARN_RANGE_LOOP_ANALYSIS = YES;
				CLANG_WARN_STRICT_PROTOTYPES = YES;
				CLANG_WARN_SUSPICIOUS_MOVE = YES;
				CLANG_WARN_UNGUARDED_AVAILABILITY = YES_AGGRESSIVE;
				CLANG_WARN_UNREACHABLE_CODE = YES;
				CLANG_WARN__DUPLICATE_METHOD_MATCH = YES;
				COPY_PHASE_STRIP = NO;
				DEBUG_INFORMATION_FORMAT = "dwarf-with-dsym";
				ENABLE_NS_ASSERTIONS = NO;
				ENABLE_STRICT_OBJC_MSGSEND = YES;
				GCC_C_LANGUAGE_STANDARD = gnu11;
				GCC_NO_COMMON_BLOCKS = YES;
				GCC_WARN_64_TO_32_BIT_CONVERSION = YES;
				GCC_WARN_ABOUT_RETURN_TYPE = YES_ERROR;
				GCC_WARN_UNDECLARED_SELECTOR = YES;
				GCC_WARN_UNINITIALIZED_AUTOS = YES_AGGRESSIVE;
				GCC_WARN_UNUSED_FUNCTION = YES;
				GCC_WARN_UNUSED_VARIABLE = YES;
				IPHONEOS_DEPLOYMENT_TARGET = 13.2;
				MTL_ENABLE_DEBUG_INFO = NO;
				MTL_FAST_MATH = YES;
				SDKROOT = iphoneos;
				SWIFT_COMPILATION_MODE = wholemodule;
				SWIFT_OPTIMIZATION_LEVEL = "-O";
				VALIDATE_PRODUCT = YES;
			};
			name = Release;
		};
		8E60364023CD262400C75838 /* Debug */ = {
			isa = XCBuildConfiguration;
			buildSettings = {
				ASSETCATALOG_COMPILER_APPICON_NAME = AppIcon;
				CODE_SIGN_STYLE = Automatic;
				DEVELOPMENT_TEAM = 9MANJGMHYB;
				INFOPLIST_FILE = Calender3.0/Info.plist;
				LD_RUNPATH_SEARCH_PATHS = (
					"$(inherited)",
					"@executable_path/Frameworks",
				);
				PRODUCT_BUNDLE_IDENTIFIER = "Anthony.Calender3-0";
				PRODUCT_NAME = "$(TARGET_NAME)";
				SWIFT_VERSION = 5.0;
				TARGETED_DEVICE_FAMILY = "1,2";
			};
			name = Debug;
		};
		8E60364123CD262400C75838 /* Release */ = {
			isa = XCBuildConfiguration;
			buildSettings = {
				ASSETCATALOG_COMPILER_APPICON_NAME = AppIcon;
				CODE_SIGN_STYLE = Automatic;
				DEVELOPMENT_TEAM = 9MANJGMHYB;
				INFOPLIST_FILE = Calender3.0/Info.plist;
				LD_RUNPATH_SEARCH_PATHS = (
					"$(inherited)",
					"@executable_path/Frameworks",
				);
				PRODUCT_BUNDLE_IDENTIFIER = "Anthony.Calender3-0";
				PRODUCT_NAME = "$(TARGET_NAME)";
				SWIFT_VERSION = 5.0;
				TARGETED_DEVICE_FAMILY = "1,2";
			};
			name = Release;
		};
/* End XCBuildConfiguration section */

/* Begin XCConfigurationList section */
		8E60362623CD262000C75838 /* Build configuration list for PBXProject "Calender3.0" */ = {
			isa = XCConfigurationList;
			buildConfigurations = (
				8E60363D23CD262400C75838 /* Debug */,
				8E60363E23CD262400C75838 /* Release */,
			);
			defaultConfigurationIsVisible = 0;
			defaultConfigurationName = Release;
		};
		8E60363F23CD262400C75838 /* Build configuration list for PBXNativeTarget "Calender3.0" */ = {
			isa = XCConfigurationList;
			buildConfigurations = (
				8E60364023CD262400C75838 /* Debug */,
				8E60364123CD262400C75838 /* Release */,
			);
			defaultConfigurationIsVisible = 0;
			defaultConfigurationName = Release;
		};
/* End XCConfigurationList section */
	};
	rootObject = 8E60362323CD262000C75838 /* Project object */;
}
